
Microsoft Visual Studio Solution File, Format Version 12.00
# Visual Studio Version 17
VisualStudioVersion = 17.8.34511.84
MinimumVisualStudioVersion = 10.0.40219.1
Project("{FAE04EC0-301F-11D3-BF4B-00C04F79EFBC}") = "PrefixSufix", "PrefixSufix\PrefixSufix.csproj", "{7C111A8A-6AB2-4E16-B691-05D9370041E8}"
EndProject
Global
	GlobalSection(SolutionConfigurationPlatforms) = preSolution
		Debug|Any CPU = Debug|Any CPU
		Release|Any CPU = Release|Any CPU
	EndGlobalSection
	GlobalSection(ProjectConfigurationPlatforms) = postSolution
		{7C111A8A-6AB2-4E16-B691-05D9370041E8}.Debug|Any CPU.ActiveCfg = Debug|Any CPU
		{7C111A8A-6AB2-4E16-B691-05D9370041E8}.Debug|Any CPU.Build.0 = Debug|Any CPU
		{7C111A8A-6AB2-4E16-B691-05D9370041E8}.Release|Any CPU.ActiveCfg = Release|Any CPU
		{7C111A8A-6AB2-4E16-B691-05D9370041E8}.Release|Any CPU.Build.0 = Release|Any CPU
	EndGlobalSection
	GlobalSection(SolutionProperties) = preSolution
		HideSolutionNode = FALSE
	EndGlobalSection
	GlobalSection(ExtensibilityGlobals) = postSolution
		SolutionGuid = {6B8A75A5-38F9-47A3-B0D3-FDDE4A3D3668}
	EndGlobalSection
EndGlobal
